
Microsoft Visual Studio Solution File, Format Version 12.00
# Visual Studio 15
VisualStudioVersion = 15.0.28307.168
MinimumVisualStudioVersion = 10.0.40219.1
Project("{FAE04EC0-301F-11D3-BF4B-00C04F79EFBC}") = "Life.Client.Forms", "Life.Client.Forms\Life.Client.Forms.csproj", "{C31CF0EA-C611-466B-A457-2D979011C5DF}"
EndProject
Global
	GlobalSection(SolutionConfigurationPlatforms) = preSolution
		Debug|Any CPU = Debug|Any CPU
		Release|Any CPU = Release|Any CPU
	EndGlobalSection
	GlobalSection(ProjectConfigurationPlatforms) = postSolution
		{C31CF0EA-C611-466B-A457-2D979011C5DF}.Debug|Any CPU.ActiveCfg = Debug|Any CPU
		{C31CF0EA-C611-466B-A457-2D979011C5DF}.Debug|Any CPU.Build.0 = Debug|Any CPU
		{C31CF0EA-C611-466B-A457-2D979011C5DF}.Release|Any CPU.ActiveCfg = Release|Any CPU
		{C31CF0EA-C611-466B-A457-2D979011C5DF}.Release|Any CPU.Build.0 = Release|Any CPU
	EndGlobalSection
	GlobalSection(SolutionProperties) = preSolution
		HideSolutionNode = FALSE
	EndGlobalSection
	GlobalSection(ExtensibilityGlobals) = postSolution
		SolutionGuid = {81A24DFB-4DE6-49CC-A866-1D6C15BD0B06}
	EndGlobalSection
EndGlobal
